
Microsoft Visual Studio Solution File, Format Version 12.00
# Visual Studio Version 16
VisualStudioVersion = 16.0.29806.167
MinimumVisualStudioVersion = 10.0.40219.1
Project("{FAE04EC0-301F-11D3-BF4B-00C04F79EFBC}") = "ResursiValidacija", "ResursiValidacija\ResursiValidacija.csproj", "{12C022D2-083F-489F-8295-F22F177DAEB8}"
EndProject
Global
	GlobalSection(SolutionConfigurationPlatforms) = preSolution
		Debug|Any CPU = Debug|Any CPU
		Release|Any CPU = Release|Any CPU
	EndGlobalSection
	GlobalSection(ProjectConfigurationPlatforms) = postSolution
		{12C022D2-083F-489F-8295-F22F177DAEB8}.Debug|Any CPU.ActiveCfg = Debug|Any CPU
		{12C022D2-083F-489F-8295-F22F177DAEB8}.Debug|Any CPU.Build.0 = Debug|Any CPU
		{12C022D2-083F-489F-8295-F22F177DAEB8}.Release|Any CPU.ActiveCfg = Release|Any CPU
		{12C022D2-083F-489F-8295-F22F177DAEB8}.Release|Any CPU.Build.0 = Release|Any CPU
	EndGlobalSection
	GlobalSection(SolutionProperties) = preSolution
		HideSolutionNode = FALSE
	EndGlobalSection
	GlobalSection(ExtensibilityGlobals) = postSolution
		SolutionGuid = {FBCE23EC-0D76-4F73-ABC6-9E5EF588C4C6}
	EndGlobalSection
EndGlobal
